
Microsoft Visual Studio Solution File, Format Version 12.00
# Visual Studio Version 17
VisualStudioVersion = 17.10.34928.147
MinimumVisualStudioVersion = 10.0.40219.1
Project("{FAE04EC0-301F-11D3-BF4B-00C04F79EFBC}") = "организация церковных мероприятий", "организация церковных мероприятий\организация церковных мероприятий.csproj", "{EB7284C9-8B56-4BE8-841F-B099D85D47BA}"
EndProject
Global
	GlobalSection(SolutionConfigurationPlatforms) = preSolution
		Debug|Any CPU = Debug|Any CPU
		Release|Any CPU = Release|Any CPU
	EndGlobalSection
	GlobalSection(ProjectConfigurationPlatforms) = postSolution
		{EB7284C9-8B56-4BE8-841F-B099D85D47BA}.Debug|Any CPU.ActiveCfg = Debug|Any CPU
		{EB7284C9-8B56-4BE8-841F-B099D85D47BA}.Debug|Any CPU.Build.0 = Debug|Any CPU
		{EB7284C9-8B56-4BE8-841F-B099D85D47BA}.Release|Any CPU.ActiveCfg = Release|Any CPU
		{EB7284C9-8B56-4BE8-841F-B099D85D47BA}.Release|Any CPU.Build.0 = Release|Any CPU
	EndGlobalSection
	GlobalSection(SolutionProperties) = preSolution
		HideSolutionNode = FALSE
	EndGlobalSection
	GlobalSection(ExtensibilityGlobals) = postSolution
		SolutionGuid = {859E8801-BA3F-4153-856B-0881868B533E}
	EndGlobalSection
EndGlobal
